
Microsoft Visual Studio Solution File, Format Version 12.00
# Visual Studio Version 17
VisualStudioVersion = 17.14.36401.2 d17.14
MinimumVisualStudioVersion = 10.0.40219.1
Project("{FAE04EC0-301F-11D3-BF4B-00C04F79EFBC}") = "Edu-mobileapp", "Edu-mobileapp\Edu-mobileapp.csproj", "{7F53716E-1772-4A7E-A182-702CF8730901}"
EndProject
Global
	GlobalSection(SolutionConfigurationPlatforms) = preSolution
		Debug|Any CPU = Debug|Any CPU
		Release|Any CPU = Release|Any CPU
	EndGlobalSection
	GlobalSection(ProjectConfigurationPlatforms) = postSolution
		{7F53716E-1772-4A7E-A182-702CF8730901}.Debug|Any CPU.ActiveCfg = Debug|Any CPU
		{7F53716E-1772-4A7E-A182-702CF8730901}.Debug|Any CPU.Build.0 = Debug|Any CPU
		{7F53716E-1772-4A7E-A182-702CF8730901}.Debug|Any CPU.Deploy.0 = Debug|Any CPU
		{7F53716E-1772-4A7E-A182-702CF8730901}.Release|Any CPU.ActiveCfg = Release|Any CPU
		{7F53716E-1772-4A7E-A182-702CF8730901}.Release|Any CPU.Build.0 = Release|Any CPU
		{7F53716E-1772-4A7E-A182-702CF8730901}.Release|Any CPU.Deploy.0 = Release|Any CPU
	EndGlobalSection
	GlobalSection(SolutionProperties) = preSolution
		HideSolutionNode = FALSE
	EndGlobalSection
	GlobalSection(ExtensibilityGlobals) = postSolution
		SolutionGuid = {5CCEC9E6-C6AA-4169-AD98-E98BE0B88D5B}
	EndGlobalSection
EndGlobal
